
Microsoft Visual Studio Solution File, Format Version 12.00
# Visual Studio Version 17
VisualStudioVersion = 17.0.31903.59
MinimumVisualStudioVersion = 10.0.40219.1
Project("{FAE04EC0-301F-11D3-BF4B-00C04F79EFBC}") = "OllieAve.GitCliSuperset.Console", "OllieAve.GitCliSuperset.Console\OllieAve.GitCliSuperset.Console.csproj", "{690B7D49-801A-4BAE-8741-EC065E11889D}"
EndProject
Project("{FAE04EC0-301F-11D3-BF4B-00C04F79EFBC}") = "OllieAve.GitCliSuperset.Services", "OllieAve.GitCliSuperset.Services\OllieAve.GitCliSuperset.Services.csproj", "{5BCF4523-1ECB-4F51-AF98-340589EA43A5}"
EndProject
Global
	GlobalSection(SolutionConfigurationPlatforms) = preSolution
		Debug|Any CPU = Debug|Any CPU
		Debug|x64 = Debug|x64
		Debug|x86 = Debug|x86
		Release|Any CPU = Release|Any CPU
		Release|x64 = Release|x64
		Release|x86 = Release|x86
	EndGlobalSection
	GlobalSection(ProjectConfigurationPlatforms) = postSolution
		{690B7D49-801A-4BAE-8741-EC065E11889D}.Debug|Any CPU.ActiveCfg = Debug|Any CPU
		{690B7D49-801A-4BAE-8741-EC065E11889D}.Debug|Any CPU.Build.0 = Debug|Any CPU
		{690B7D49-801A-4BAE-8741-EC065E11889D}.Debug|x64.ActiveCfg = Debug|Any CPU
		{690B7D49-801A-4BAE-8741-EC065E11889D}.Debug|x64.Build.0 = Debug|Any CPU
		{690B7D49-801A-4BAE-8741-EC065E11889D}.Debug|x86.ActiveCfg = Debug|Any CPU
		{690B7D49-801A-4BAE-8741-EC065E11889D}.Debug|x86.Build.0 = Debug|Any CPU
		{690B7D49-801A-4BAE-8741-EC065E11889D}.Release|Any CPU.ActiveCfg = Release|Any CPU
		{690B7D49-801A-4BAE-8741-EC065E11889D}.Release|Any CPU.Build.0 = Release|Any CPU
		{690B7D49-801A-4BAE-8741-EC065E11889D}.Release|x64.ActiveCfg = Release|Any CPU
		{690B7D49-801A-4BAE-8741-EC065E11889D}.Release|x64.Build.0 = Release|Any CPU
		{690B7D49-801A-4BAE-8741-EC065E11889D}.Release|x86.ActiveCfg = Release|Any CPU
		{690B7D49-801A-4BAE-8741-EC065E11889D}.Release|x86.Build.0 = Release|Any CPU
		{5BCF4523-1ECB-4F51-AF98-340589EA43A5}.Debug|Any CPU.ActiveCfg = Debug|Any CPU
		{5BCF4523-1ECB-4F51-AF98-340589EA43A5}.Debug|Any CPU.Build.0 = Debug|Any CPU
		{5BCF4523-1ECB-4F51-AF98-340589EA43A5}.Debug|x64.ActiveCfg = Debug|Any CPU
		{5BCF4523-1ECB-4F51-AF98-340589EA43A5}.Debug|x64.Build.0 = Debug|Any CPU
		{5BCF4523-1ECB-4F51-AF98-340589EA43A5}.Debug|x86.ActiveCfg = Debug|Any CPU
		{5BCF4523-1ECB-4F51-AF98-340589EA43A5}.Debug|x86.Build.0 = Debug|Any CPU
		{5BCF4523-1ECB-4F51-AF98-340589EA43A5}.Release|Any CPU.ActiveCfg = Release|Any CPU
		{5BCF4523-1ECB-4F51-AF98-340589EA43A5}.Release|Any CPU.Build.0 = Release|Any CPU
		{5BCF4523-1ECB-4F51-AF98-340589EA43A5}.Release|x64.ActiveCfg = Release|Any CPU
		{5BCF4523-1ECB-4F51-AF98-340589EA43A5}.Release|x64.Build.0 = Release|Any CPU
		{5BCF4523-1ECB-4F51-AF98-340589EA43A5}.Release|x86.ActiveCfg = Release|Any CPU
		{5BCF4523-1ECB-4F51-AF98-340589EA43A5}.Release|x86.Build.0 = Release|Any CPU
	EndGlobalSection
	GlobalSection(SolutionProperties) = preSolution
		HideSolutionNode = FALSE
	EndGlobalSection
EndGlobal
